
Microsoft Visual Studio Solution File, Format Version 12.00
# Visual Studio Version 16
VisualStudioVersion = 16.0.30404.54
MinimumVisualStudioVersion = 10.0.40219.1
Project("{9A19103F-16F7-4668-BE54-9A1E7A4F7556}") = "AsyncTask", "DLL\AsyncTask.csproj", "{6ED688CD-50C6-45B2-8AE0-759D28E468AE}"
EndProject
Project("{9A19103F-16F7-4668-BE54-9A1E7A4F7556}") = "GUI", "GUI\GUI.csproj", "{228808B0-B5BA-4BCE-A322-18A55FAE1FC5}"
EndProject
Project("{9A19103F-16F7-4668-BE54-9A1E7A4F7556}") = "Tests", "Tests\Tests.csproj", "{E1A392E8-1ACC-4A13-AFE7-0A6122C056A1}"
EndProject
Project("{2150E333-8FDC-42A3-9474-1A3956D46DE8}") = "Solution Items", "Solution Items", "{9B7DA3DF-4D94-4363-9504-8969DB578C1C}"
	ProjectSection(SolutionItems) = preProject
		.gitignore = .gitignore
		DataModel.md = DataModel.md
		Flow-Chart.png = Flow-Chart.png
		LICENSE.txt = LICENSE.txt
		Output.png = Output.png
		README.md = README.md
	EndProjectSection
EndProject
Project("{9A19103F-16F7-4668-BE54-9A1E7A4F7556}") = "Console", "Console\Console.csproj", "{336E6DA0-9F06-4A00-8603-382C594E7185}"
EndProject
Global
	GlobalSection(SolutionConfigurationPlatforms) = preSolution
		Debug|Any CPU = Debug|Any CPU
		Release|Any CPU = Release|Any CPU
	EndGlobalSection
	GlobalSection(ProjectConfigurationPlatforms) = postSolution
		{6ED688CD-50C6-45B2-8AE0-759D28E468AE}.Debug|Any CPU.ActiveCfg = Debug|Any CPU
		{6ED688CD-50C6-45B2-8AE0-759D28E468AE}.Debug|Any CPU.Build.0 = Debug|Any CPU
		{6ED688CD-50C6-45B2-8AE0-759D28E468AE}.Debug|Any CPU.Deploy.0 = Debug|Any CPU
		{6ED688CD-50C6-45B2-8AE0-759D28E468AE}.Release|Any CPU.ActiveCfg = Release|Any CPU
		{228808B0-B5BA-4BCE-A322-18A55FAE1FC5}.Debug|Any CPU.ActiveCfg = Debug|Any CPU
		{228808B0-B5BA-4BCE-A322-18A55FAE1FC5}.Release|Any CPU.ActiveCfg = Release|Any CPU
		{228808B0-B5BA-4BCE-A322-18A55FAE1FC5}.Release|Any CPU.Build.0 = Release|Any CPU
		{E1A392E8-1ACC-4A13-AFE7-0A6122C056A1}.Debug|Any CPU.ActiveCfg = Debug|Any CPU
		{E1A392E8-1ACC-4A13-AFE7-0A6122C056A1}.Debug|Any CPU.Build.0 = Debug|Any CPU
		{E1A392E8-1ACC-4A13-AFE7-0A6122C056A1}.Release|Any CPU.ActiveCfg = Release|Any CPU
		{E1A392E8-1ACC-4A13-AFE7-0A6122C056A1}.Release|Any CPU.Build.0 = Release|Any CPU
		{336E6DA0-9F06-4A00-8603-382C594E7185}.Debug|Any CPU.ActiveCfg = Debug|Any CPU
		{336E6DA0-9F06-4A00-8603-382C594E7185}.Debug|Any CPU.Build.0 = Debug|Any CPU
		{336E6DA0-9F06-4A00-8603-382C594E7185}.Release|Any CPU.ActiveCfg = Release|Any CPU
		{336E6DA0-9F06-4A00-8603-382C594E7185}.Release|Any CPU.Build.0 = Release|Any CPU
	EndGlobalSection
	GlobalSection(SolutionProperties) = preSolution
		HideSolutionNode = FALSE
	EndGlobalSection
	GlobalSection(ExtensibilityGlobals) = postSolution
		SolutionGuid = {A775AB79-AE9C-4175-B4A3-DC61BD24223D}
	EndGlobalSection
EndGlobal
