
Microsoft Visual Studio Solution File, Format Version 12.00
# Visual Studio 14
VisualStudioVersion = 14.0.25420.1
MinimumVisualStudioVersion = 10.0.40219.1
Project("{FAE04EC0-301F-11D3-BF4B-00C04F79EFBC}") = "Tests", "Tests\Tests.csproj", "{BA33716C-FAC1-4DA8-B668-5731342A0266}"
EndProject
Project("{FAE04EC0-301F-11D3-BF4B-00C04F79EFBC}") = "ORM-Monitor", "DLL\ORM-Monitor.csproj", "{6ED688CD-50C6-45B2-8AE0-759D28E468AE}"
EndProject
Project("{FAE04EC0-301F-11D3-BF4B-00C04F79EFBC}") = "GUI", "GUI\GUI.csproj", "{228808B0-B5BA-4BCE-A322-18A55FAE1FC5}"
EndProject
Global
	GlobalSection(SolutionConfigurationPlatforms) = preSolution
		Debug|Any CPU = Debug|Any CPU
		Release|Any CPU = Release|Any CPU
	EndGlobalSection
	GlobalSection(ProjectConfigurationPlatforms) = postSolution
		{BA33716C-FAC1-4DA8-B668-5731342A0266}.Debug|Any CPU.ActiveCfg = Debug|Any CPU
		{BA33716C-FAC1-4DA8-B668-5731342A0266}.Debug|Any CPU.Build.0 = Debug|Any CPU
		{BA33716C-FAC1-4DA8-B668-5731342A0266}.Release|Any CPU.ActiveCfg = Debug|Any CPU
		{BA33716C-FAC1-4DA8-B668-5731342A0266}.Release|Any CPU.Build.0 = Debug|Any CPU
		{6ED688CD-50C6-45B2-8AE0-759D28E468AE}.Debug|Any CPU.ActiveCfg = Release|Any CPU
		{6ED688CD-50C6-45B2-8AE0-759D28E468AE}.Debug|Any CPU.Build.0 = Release|Any CPU
		{6ED688CD-50C6-45B2-8AE0-759D28E468AE}.Debug|Any CPU.Deploy.0 = Release|Any CPU
		{6ED688CD-50C6-45B2-8AE0-759D28E468AE}.Release|Any CPU.ActiveCfg = Release|Any CPU
		{228808B0-B5BA-4BCE-A322-18A55FAE1FC5}.Debug|Any CPU.ActiveCfg = Debug|Any CPU
		{228808B0-B5BA-4BCE-A322-18A55FAE1FC5}.Debug|Any CPU.Build.0 = Debug|Any CPU
		{228808B0-B5BA-4BCE-A322-18A55FAE1FC5}.Release|Any CPU.ActiveCfg = Release|Any CPU
		{228808B0-B5BA-4BCE-A322-18A55FAE1FC5}.Release|Any CPU.Build.0 = Release|Any CPU
	EndGlobalSection
	GlobalSection(SolutionProperties) = preSolution
		HideSolutionNode = FALSE
	EndGlobalSection
EndGlobal
